
Microsoft Visual Studio Solution File, Format Version 12.00
# Visual Studio Version 16
VisualStudioVersion = 16.0.31005.135
MinimumVisualStudioVersion = 10.0.40219.1
Project("{FAE04EC0-301F-11D3-BF4B-00C04F79EFBC}") = "TestClassLibrary", "TestClassLibrary\TestClassLibrary.csproj", "{826935DC-FE07-42E0-9ABE-B2EFDC5FDF41}"
EndProject
Global
	GlobalSection(SolutionConfigurationPlatforms) = preSolution
		Debug|Any CPU = Debug|Any CPU
		Release|Any CPU = Release|Any CPU
	EndGlobalSection
	GlobalSection(ProjectConfigurationPlatforms) = postSolution
		{826935DC-FE07-42E0-9ABE-B2EFDC5FDF41}.Debug|Any CPU.ActiveCfg = Debug|Any CPU
		{826935DC-FE07-42E0-9ABE-B2EFDC5FDF41}.Debug|Any CPU.Build.0 = Debug|Any CPU
		{826935DC-FE07-42E0-9ABE-B2EFDC5FDF41}.Release|Any CPU.ActiveCfg = Release|Any CPU
		{826935DC-FE07-42E0-9ABE-B2EFDC5FDF41}.Release|Any CPU.Build.0 = Release|Any CPU
	EndGlobalSection
	GlobalSection(SolutionProperties) = preSolution
		HideSolutionNode = FALSE
	EndGlobalSection
	GlobalSection(ExtensibilityGlobals) = postSolution
		SolutionGuid = {35BD3AFF-8D1B-4A55-9FF1-49DF0B423A92}
	EndGlobalSection
EndGlobal
